// !$*UTF8*$!
{
	archiveVersion = 1;
	classes = {
	};
	objectVersion = 56;
	objects = {

/* Begin PBXBuildFile section */
		22662A1E2B98F6A600869B65 /* AppDelegate.swift in Sources */ = {isa = PBXBuildFile; fileRef = 22662A1D2B98F6A600869B65 /* AppDelegate.swift */; };
		22662A202B98F6A600869B65 /* SceneDelegate.swift in Sources */ = {isa = PBXBuildFile; fileRef = 22662A1F2B98F6A600869B65 /* SceneDelegate.swift */; };
		22662A222B98F6A600869B65 /* ViewController.swift in Sources */ = {isa = PBXBuildFile; fileRef = 22662A212B98F6A600869B65 /* ViewController.swift */; };
		22662A252B98F6A600869B65 /* Main.storyboard in Resources */ = {isa = PBXBuildFile; fileRef = 22662A232B98F6A600869B65 /* Main.storyboard */; };
		22662A272B98F6A800869B65 /* Assets.xcassets in Resources */ = {isa = PBXBuildFile; fileRef = 22662A262B98F6A800869B65 /* Assets.xcassets */; };
		22662A2A2B98F6A800869B65 /* LaunchScreen.storyboard in Resources */ = {isa = PBXBuildFile; fileRef = 22662A282B98F6A800869B65 /* LaunchScreen.storyboard */; };
		22662A352B98F6A800869B65 /* saveMYDefaultTabitaSTests.swift in Sources */ = {isa = PBXBuildFile; fileRef = 22662A342B98F6A800869B65 /* saveMYDefaultTabitaSTests.swift */; };
		22662A3F2B98F6A800869B65 /* saveMYDefaultTabitaSUITests.swift in Sources */ = {isa = PBXBuildFile; fileRef = 22662A3E2B98F6A800869B65 /* saveMYDefaultTabitaSUITests.swift */; };
		22662A412B98F6A800869B65 /* saveMYDefaultTabitaSUITestsLaunchTests.swift in Sources */ = {isa = PBXBuildFile; fileRef = 22662A402B98F6A800869B65 /* saveMYDefaultTabitaSUITestsLaunchTests.swift */; };
/* End PBXBuildFile section */

/* Begin PBXContainerItemProxy section */
		22662A312B98F6A800869B65 /* PBXContainerItemProxy */ = {
			isa = PBXContainerItemProxy;
			containerPortal = 22662A122B98F6A600869B65 /* Project object */;
			proxyType = 1;
			remoteGlobalIDString = 22662A192B98F6A600869B65;
			remoteInfo = saveMYDefaultTabitaS;
		};
		22662A3B2B98F6A800869B65 /* PBXContainerItemProxy */ = {
			isa = PBXContainerItemProxy;
			containerPortal = 22662A122B98F6A600869B65 /* Project object */;
			proxyType = 1;
			remoteGlobalIDString = 22662A192B98F6A600869B65;
			remoteInfo = saveMYDefaultTabitaS;
		};
/* End PBXContainerItemProxy section */

/* Begin PBXFileReference section */
		22662A1A2B98F6A600869B65 /* saveMYDefaultTabitaS.app */ = {isa = PBXFileReference; explicitFileType = wrapper.application; includeInIndex = 0; path = saveMYDefaultTabitaS.app; sourceTree = BUILT_PRODUCTS_DIR; };
		22662A1D2B98F6A600869B65 /* AppDelegate.swift */ = {isa = PBXFileReference; lastKnownFileType = sourcecode.swift; path = AppDelegate.swift; sourceTree = "<group>"; };
		22662A1F2B98F6A600869B65 /* SceneDelegate.swift */ = {isa = PBXFileReference; lastKnownFileType = sourcecode.swift; path = SceneDelegate.swift; sourceTree = "<group>"; };
		22662A212B98F6A600869B65 /* ViewController.swift */ = {isa = PBXFileReference; lastKnownFileType = sourcecode.swift; path = ViewController.swift; sourceTree = "<group>"; };
		22662A242B98F6A600869B65 /* Base */ = {isa = PBXFileReference; lastKnownFileType = file.storyboard; name = Base; path = Base.lproj/Main.storyboard; sourceTree = "<group>"; };
		22662A262B98F6A800869B65 /* Assets.xcassets */ = {isa = PBXFileReference; lastKnownFileType = folder.assetcatalog; path = Assets.xcassets; sourceTree = "<group>"; };
		22662A292B98F6A800869B65 /* Base */ = {isa = PBXFileReference; lastKnownFileType = file.storyboard; name = Base; path = Base.lproj/LaunchScreen.storyboard; sourceTree = "<group>"; };
		22662A2B2B98F6A800869B65 /* Info.plist */ = {isa = PBXFileReference; lastKnownFileType = text.plist.xml; path = Info.plist; sourceTree = "<group>"; };
		22662A302B98F6A800869B65 /* saveMYDefaultTabitaSTests.xctest */ = {isa = PBXFileReference; explicitFileType = wrapper.cfbundle; includeInIndex = 0; path = saveMYDefaultTabitaSTests.xctest; sourceTree = BUILT_PRODUCTS_DIR; };
		22662A342B98F6A800869B65 /* saveMYDefaultTabitaSTests.swift */ = {isa = PBXFileReference; lastKnownFileType = sourcecode.swift; path = saveMYDefaultTabitaSTests.swift; sourceTree = "<group>"; };
		22662A3A2B98F6A800869B65 /* saveMYDefaultTabitaSUITests.xctest */ = {isa = PBXFileReference; explicitFileType = wrapper.cfbundle; includeInIndex = 0; path = saveMYDefaultTabitaSUITests.xctest; sourceTree = BUILT_PRODUCTS_DIR; };
		22662A3E2B98F6A800869B65 /* saveMYDefaultTabitaSUITests.swift */ = {isa = PBXFileReference; lastKnownFileType = sourcecode.swift; path = saveMYDefaultTabitaSUITests.swift; sourceTree = "<group>"; };
		22662A402B98F6A800869B65 /* saveMYDefaultTabitaSUITestsLaunchTests.swift */ = {isa = PBXFileReference; lastKnownFileType = sourcecode.swift; path = saveMYDefaultTabitaSUITestsLaunchTests.swift; sourceTree = "<group>"; };
/* End PBXFileReference section */

/* Begin PBXFrameworksBuildPhase section */
		22662A172B98F6A600869B65 /* Frameworks */ = {
			isa = PBXFrameworksBuildPhase;
			buildActionMask = 2147483647;
			files = (
			);
			runOnlyForDeploymentPostprocessing = 0;
		};
		22662A2D2B98F6A800869B65 /* Frameworks */ = {
			isa = PBXFrameworksBuildPhase;
			buildActionMask = 2147483647;
			files = (
			);
			runOnlyForDeploymentPostprocessing = 0;
		};
		22662A372B98F6A800869B65 /* Frameworks */ = {
			isa = PBXFrameworksBuildPhase;
			buildActionMask = 2147483647;
			files = (
			);
			runOnlyForDeploymentPostprocessing = 0;
		};
/* End PBXFrameworksBuildPhase section */

/* Begin PBXGroup section */
		22662A112B98F6A600869B65 = {
			isa = PBXGroup;
			children = (
				22662A1C2B98F6A600869B65 /* saveMYDefaultTabitaS */,
				22662A332B98F6A800869B65 /* saveMYDefaultTabitaSTests */,
				22662A3D2B98F6A800869B65 /* saveMYDefaultTabitaSUITests */,
				22662A1B2B98F6A600869B65 /* Products */,
			);
			sourceTree = "<group>";
		};
		22662A1B2B98F6A600869B65 /* Products */ = {
			isa = PBXGroup;
			children = (
				22662A1A2B98F6A600869B65 /* saveMYDefaultTabitaS.app */,
				22662A302B98F6A800869B65 /* saveMYDefaultTabitaSTests.xctest */,
				22662A3A2B98F6A800869B65 /* saveMYDefaultTabitaSUITests.xctest */,
			);
			name = Products;
			sourceTree = "<group>";
		};
		22662A1C2B98F6A600869B65 /* saveMYDefaultTabitaS */ = {
			isa = PBXGroup;
			children = (
				22662A1D2B98F6A600869B65 /* AppDelegate.swift */,
				22662A1F2B98F6A600869B65 /* SceneDelegate.swift */,
				22662A212B98F6A600869B65 /* ViewController.swift */,
				22662A232B98F6A600869B65 /* Main.storyboard */,
				22662A262B98F6A800869B65 /* Assets.xcassets */,
				22662A282B98F6A800869B65 /* LaunchScreen.storyboard */,
				22662A2B2B98F6A800869B65 /* Info.plist */,
			);
			path = saveMYDefaultTabitaS;
			sourceTree = "<group>";
		};
		22662A332B98F6A800869B65 /* saveMYDefaultTabitaSTests */ = {
			isa = PBXGroup;
			children = (
				22662A342B98F6A800869B65 /* saveMYDefaultTabitaSTests.swift */,
			);
			path = saveMYDefaultTabitaSTests;
			sourceTree = "<group>";
		};
		22662A3D2B98F6A800869B65 /* saveMYDefaultTabitaSUITests */ = {
			isa = PBXGroup;
			children = (
				22662A3E2B98F6A800869B65 /* saveMYDefaultTabitaSUITests.swift */,
				22662A402B98F6A800869B65 /* saveMYDefaultTabitaSUITestsLaunchTests.swift */,
			);
			path = saveMYDefaultTabitaSUITests;
			sourceTree = "<group>";
		};
/* End PBXGroup section */

/* Begin PBXNativeTarget section */
		22662A192B98F6A600869B65 /* saveMYDefaultTabitaS */ = {
			isa = PBXNativeTarget;
			buildConfigurationList = 22662A442B98F6A800869B65 /* Build configuration list for PBXNativeTarget "saveMYDefaultTabitaS" */;
			buildPhases = (
				22662A162B98F6A600869B65 /* Sources */,
				22662A172B98F6A600869B65 /* Frameworks */,
				22662A182B98F6A600869B65 /* Resources */,
			);
			buildRules = (
			);
			dependencies = (
			);
			name = saveMYDefaultTabitaS;
			productName = saveMYDefaultTabitaS;
			productReference = 22662A1A2B98F6A600869B65 /* saveMYDefaultTabitaS.app */;
			productType = "com.apple.product-type.application";
		};
		22662A2F2B98F6A800869B65 /* saveMYDefaultTabitaSTests */ = {
			isa = PBXNativeTarget;
			buildConfigurationList = 22662A472B98F6A800869B65 /* Build configuration list for PBXNativeTarget "saveMYDefaultTabitaSTests" */;
			buildPhases = (
				22662A2C2B98F6A800869B65 /* Sources */,
				22662A2D2B98F6A800869B65 /* Frameworks */,
				22662A2E2B98F6A800869B65 /* Resources */,
			);
			buildRules = (
			);
			dependencies = (
				22662A322B98F6A800869B65 /* PBXTargetDependency */,
			);
			name = saveMYDefaultTabitaSTests;
			productName = saveMYDefaultTabitaSTests;
			productReference = 22662A302B98F6A800869B65 /* saveMYDefaultTabitaSTests.xctest */;
			productType = "com.apple.product-type.bundle.unit-test";
		};
		22662A392B98F6A800869B65 /* saveMYDefaultTabitaSUITests */ = {
			isa = PBXNativeTarget;
			buildConfigurationList = 22662A4A2B98F6A800869B65 /* Build configuration list for PBXNativeTarget "saveMYDefaultTabitaSUITests" */;
			buildPhases = (
				22662A362B98F6A800869B65 /* Sources */,
				22662A372B98F6A800869B65 /* Frameworks */,
				22662A382B98F6A800869B65 /* Resources */,
			);
			buildRules = (
			);
			dependencies = (
				22662A3C2B98F6A800869B65 /* PBXTargetDependency */,
			);
			name = saveMYDefaultTabitaSUITests;
			productName = saveMYDefaultTabitaSUITests;
			productReference = 22662A3A2B98F6A800869B65 /* saveMYDefaultTabitaSUITests.xctest */;
			productType = "com.apple.product-type.bundle.ui-testing";
		};
/* End PBXNativeTarget section */

/* Begin PBXProject section */
		22662A122B98F6A600869B65 /* Project object */ = {
			isa = PBXProject;
			attributes = {
				BuildIndependentTargetsInParallel = 1;
				LastSwiftUpdateCheck = 1520;
				LastUpgradeCheck = 1520;
				TargetAttributes = {
					22662A192B98F6A600869B65 = {
						CreatedOnToolsVersion = 15.2;
					};
					22662A2F2B98F6A800869B65 = {
						CreatedOnToolsVersion = 15.2;
						TestTargetID = 22662A192B98F6A600869B65;
					};
					22662A392B98F6A800869B65 = {
						CreatedOnToolsVersion = 15.2;
						TestTargetID = 22662A192B98F6A600869B65;
					};
				};
			};
			buildConfigurationList = 22662A152B98F6A600869B65 /* Build configuration list for PBXProject "saveMYDefaultTabitaS" */;
			compatibilityVersion = "Xcode 14.0";
			developmentRegion = en;
			hasScannedForEncodings = 0;
			knownRegions = (
				en,
				Base,
			);
			mainGroup = 22662A112B98F6A600869B65;
			productRefGroup = 22662A1B2B98F6A600869B65 /* Products */;
			projectDirPath = "";
			projectRoot = "";
			targets = (
				22662A192B98F6A600869B65 /* saveMYDefaultTabitaS */,
				22662A2F2B98F6A800869B65 /* saveMYDefaultTabitaSTests */,
				22662A392B98F6A800869B65 /* saveMYDefaultTabitaSUITests */,
			);
		};
/* End PBXProject section */

/* Begin PBXResourcesBuildPhase section */
		22662A182B98F6A600869B65 /* Resources */ = {
			isa = PBXResourcesBuildPhase;
			buildActionMask = 2147483647;
			files = (
				22662A2A2B98F6A800869B65 /* LaunchScreen.storyboard in Resources */,
				22662A272B98F6A800869B65 /* Assets.xcassets in Resources */,
				22662A252B98F6A600869B65 /* Main.storyboard in Resources */,
			);
			runOnlyForDeploymentPostprocessing = 0;
		};
		22662A2E2B98F6A800869B65 /* Resources */ = {
			isa = PBXResourcesBuildPhase;
			buildActionMask = 2147483647;
			files = (
			);
			runOnlyForDeploymentPostprocessing = 0;
		};
		22662A382B98F6A800869B65 /* Resources */ = {
			isa = PBXResourcesBuildPhase;
			buildActionMask = 2147483647;
			files = (
			);
			runOnlyForDeploymentPostprocessing = 0;
		};
/* End PBXResourcesBuildPhase section */

/* Begin PBXSourcesBuildPhase section */
		22662A162B98F6A600869B65 /* Sources */ = {
			isa = PBXSourcesBuildPhase;
			buildActionMask = 2147483647;
			files = (
				22662A222B98F6A600869B65 /* ViewController.swift in Sources */,
				22662A1E2B98F6A600869B65 /* AppDelegate.swift in Sources */,
				22662A202B98F6A600869B65 /* SceneDelegate.swift in Sources */,
			);
			runOnlyForDeploymentPostprocessing = 0;
		};
		22662A2C2B98F6A800869B65 /* Sources */ = {
			isa = PBXSourcesBuildPhase;
			buildActionMask = 2147483647;
			files = (
				22662A352B98F6A800869B65 /* saveMYDefaultTabitaSTests.swift in Sources */,
			);
			runOnlyForDeploymentPostprocessing = 0;
		};
		22662A362B98F6A800869B65 /* Sources */ = {
			isa = PBXSourcesBuildPhase;
			buildActionMask = 2147483647;
			files = (
				22662A412B98F6A800869B65 /* saveMYDefaultTabitaSUITestsLaunchTests.swift in Sources */,
				22662A3F2B98F6A800869B65 /* saveMYDefaultTabitaSUITests.swift in Sources */,
			);
			runOnlyForDeploymentPostprocessing = 0;
		};
/* End PBXSourcesBuildPhase section */

/* Begin PBXTargetDependency section */
		22662A322B98F6A800869B65 /* PBXTargetDependency */ = {
			isa = PBXTargetDependency;
			target = 22662A192B98F6A600869B65 /* saveMYDefaultTabitaS */;
			targetProxy = 22662A312B98F6A800869B65 /* PBXContainerItemProxy */;
		};
		22662A3C2B98F6A800869B65 /* PBXTargetDependency */ = {
			isa = PBXTargetDependency;
			target = 22662A192B98F6A600869B65 /* saveMYDefaultTabitaS */;
			targetProxy = 22662A3B2B98F6A800869B65 /* PBXContainerItemProxy */;
		};
/* End PBXTargetDependency section */

/* Begin PBXVariantGroup section */
		22662A232B98F6A600869B65 /* Main.storyboard */ = {
			isa = PBXVariantGroup;
			children = (
				22662A242B98F6A600869B65 /* Base */,
			);
			name = Main.storyboard;
			sourceTree = "<group>";
		};
		22662A282B98F6A800869B65 /* LaunchScreen.storyboard */ = {
			isa = PBXVariantGroup;
			children = (
				22662A292B98F6A800869B65 /* Base */,
			);
			name = LaunchScreen.storyboard;
			sourceTree = "<group>";
		};
/* End PBXVariantGroup section */

/* Begin XCBuildConfiguration section */
		22662A422B98F6A800869B65 /* Debug */ = {
			isa = XCBuildConfiguration;
			buildSettings = {
				ALWAYS_SEARCH_USER_PATHS = NO;
				ASSETCATALOG_COMPILER_GENERATE_SWIFT_ASSET_SYMBOL_EXTENSIONS = YES;
				CLANG_ANALYZER_NONNULL = YES;
				CLANG_ANALYZER_NUMBER_OBJECT_CONVERSION = YES_AGGRESSIVE;
				CLANG_CXX_LANGUAGE_STANDARD = "gnu++20";
				CLANG_ENABLE_MODULES = YES;
				CLANG_ENABLE_OBJC_ARC = YES;
				CLANG_ENABLE_OBJC_WEAK = YES;
				CLANG_WARN_BLOCK_CAPTURE_AUTORELEASING = YES;
				CLANG_WARN_BOOL_CONVERSION = YES;
				CLANG_WARN_COMMA = YES;
				CLANG_WARN_CONSTANT_CONVERSION = YES;
				CLANG_WARN_DEPRECATED_OBJC_IMPLEMENTATIONS = YES;
				CLANG_WARN_DIRECT_OBJC_ISA_USAGE = YES_ERROR;
				CLANG_WARN_DOCUMENTATION_COMMENTS = YES;
				CLANG_WARN_EMPTY_BODY = YES;
				CLANG_WARN_ENUM_CONVERSION = YES;
				CLANG_WARN_INFINITE_RECURSION = YES;
				CLANG_WARN_INT_CONVERSION = YES;
				CLANG_WARN_NON_LITERAL_NULL_CONVERSION = YES;
				CLANG_WARN_OBJC_IMPLICIT_RETAIN_SELF = YES;
				CLANG_WARN_OBJC_LITERAL_CONVERSION = YES;
				CLANG_WARN_OBJC_ROOT_CLASS = YES_ERROR;
				CLANG_WARN_QUOTED_INCLUDE_IN_FRAMEWORK_HEADER = YES;
				CLANG_WARN_RANGE_LOOP_ANALYSIS = YES;
				CLANG_WARN_STRICT_PROTOTYPES = YES;
				CLANG_WARN_SUSPICIOUS_MOVE = YES;
				CLANG_WARN_UNGUARDED_AVAILABILITY = YES_AGGRESSIVE;
				CLANG_WARN_UNREACHABLE_CODE = YES;
				CLANG_WARN__DUPLICATE_METHOD_MATCH = YES;
				COPY_PHASE_STRIP = NO;
				DEBUG_INFORMATION_FORMAT = dwarf;
				ENABLE_STRICT_OBJC_MSGSEND = YES;
				ENABLE_TESTABILITY = YES;
				ENABLE_USER_SCRIPT_SANDBOXING = YES;
				GCC_C_LANGUAGE_STANDARD = gnu17;
				GCC_DYNAMIC_NO_PIC = NO;
				GCC_NO_COMMON_BLOCKS = YES;
				GCC_OPTIMIZATION_LEVEL = 0;
				GCC_PREPROCESSOR_DEFINITIONS = (
					"DEBUG=1",
					"$(inherited)",
				);
				GCC_WARN_64_TO_32_BIT_CONVERSION = YES;
				GCC_WARN_ABOUT_RETURN_TYPE = YES_ERROR;
				GCC_WARN_UNDECLARED_SELECTOR = YES;
				GCC_WARN_UNINITIALIZED_AUTOS = YES_AGGRESSIVE;
				GCC_WARN_UNUSED_FUNCTION = YES;
				GCC_WARN_UNUSED_VARIABLE = YES;
				IPHONEOS_DEPLOYMENT_TARGET = 17.2;
				LOCALIZATION_PREFERS_STRING_CATALOGS = YES;
				MTL_ENABLE_DEBUG_INFO = INCLUDE_SOURCE;
				MTL_FAST_MATH = YES;
				ONLY_ACTIVE_ARCH = YES;
				SDKROOT = iphoneos;
				SWIFT_ACTIVE_COMPILATION_CONDITIONS = "DEBUG $(inherited)";
				SWIFT_OPTIMIZATION_LEVEL = "-Onone";
			};
			name = Debug;
		};
		22662A432B98F6A800869B65 /* Release */ = {
			isa = XCBuildConfiguration;
			buildSettings = {
				ALWAYS_SEARCH_USER_PATHS = NO;
				ASSETCATALOG_COMPILER_GENERATE_SWIFT_ASSET_SYMBOL_EXTENSIONS = YES;
				CLANG_ANALYZER_NONNULL = YES;
				CLANG_ANALYZER_NUMBER_OBJECT_CONVERSION = YES_AGGRESSIVE;
				CLANG_CXX_LANGUAGE_STANDARD = "gnu++20";
				CLANG_ENABLE_MODULES = YES;
				CLANG_ENABLE_OBJC_ARC = YES;
				CLANG_ENABLE_OBJC_WEAK = YES;
				CLANG_WARN_BLOCK_CAPTURE_AUTORELEASING = YES;
				CLANG_WARN_BOOL_CONVERSION = YES;
				CLANG_WARN_COMMA = YES;
				CLANG_WARN_CONSTANT_CONVERSION = YES;
				CLANG_WARN_DEPRECATED_OBJC_IMPLEMENTATIONS = YES;
				CLANG_WARN_DIRECT_OBJC_ISA_USAGE = YES_ERROR;
				CLANG_WARN_DOCUMENTATION_COMMENTS = YES;
				CLANG_WARN_EMPTY_BODY = YES;
				CLANG_WARN_ENUM_CONVERSION = YES;
				CLANG_WARN_INFINITE_RECURSION = YES;
				CLANG_WARN_INT_CONVERSION = YES;
				CLANG_WARN_NON_LITERAL_NULL_CONVERSION = YES;
				CLANG_WARN_OBJC_IMPLICIT_RETAIN_SELF = YES;
				CLANG_WARN_OBJC_LITERAL_CONVERSION = YES;
				CLANG_WARN_OBJC_ROOT_CLASS = YES_ERROR;
				CLANG_WARN_QUOTED_INCLUDE_IN_FRAMEWORK_HEADER = YES;
				CLANG_WARN_RANGE_LOOP_ANALYSIS = YES;
				CLANG_WARN_STRICT_PROTOTYPES = YES;
				CLANG_WARN_SUSPICIOUS_MOVE = YES;
				CLANG_WARN_UNGUARDED_AVAILABILITY = YES_AGGRESSIVE;
				CLANG_WARN_UNREACHABLE_CODE = YES;
				CLANG_WARN__DUPLICATE_METHOD_MATCH = YES;
				COPY_PHASE_STRIP = NO;
				DEBUG_INFORMATION_FORMAT = "dwarf-with-dsym";
				ENABLE_NS_ASSERTIONS = NO;
				ENABLE_STRICT_OBJC_MSGSEND = YES;
				ENABLE_USER_SCRIPT_SANDBOXING = YES;
				GCC_C_LANGUAGE_STANDARD = gnu17;
				GCC_NO_COMMON_BLOCKS = YES;
				GCC_WARN_64_TO_32_BIT_CONVERSION = YES;
				GCC_WARN_ABOUT_RETURN_TYPE = YES_ERROR;
				GCC_WARN_UNDECLARED_SELECTOR = YES;
				GCC_WARN_UNINITIALIZED_AUTOS = YES_AGGRESSIVE;
				GCC_WARN_UNUSED_FUNCTION = YES;
				GCC_WARN_UNUSED_VARIABLE = YES;
				IPHONEOS_DEPLOYMENT_TARGET = 17.2;
				LOCALIZATION_PREFERS_STRING_CATALOGS = YES;
				MTL_ENABLE_DEBUG_INFO = NO;
				MTL_FAST_MATH = YES;
				SDKROOT = iphoneos;
				SWIFT_COMPILATION_MODE = wholemodule;
				VALIDATE_PRODUCT = YES;
			};
			name = Release;
		};
		22662A452B98F6A800869B65 /* Debug */ = {
			isa = XCBuildConfiguration;
			buildSettings = {
				ASSETCATALOG_COMPILER_APPICON_NAME = AppIcon;
				ASSETCATALOG_COMPILER_GLOBAL_ACCENT_COLOR_NAME = AccentColor;
				CODE_SIGN_STYLE = Automatic;
				CURRENT_PROJECT_VERSION = 1;
				DEVELOPMENT_TEAM = T44788J83Y;
				GENERATE_INFOPLIST_FILE = YES;
				INFOPLIST_FILE = saveMYDefaultTabitaS/Info.plist;
				INFOPLIST_KEY_UIApplicationSupportsIndirectInputEvents = YES;
				INFOPLIST_KEY_UILaunchStoryboardName = LaunchScreen;
				INFOPLIST_KEY_UIMainStoryboardFile = Main;
				INFOPLIST_KEY_UISupportedInterfaceOrientations_iPad = "UIInterfaceOrientationPortrait UIInterfaceOrientationPortraitUpsideDown UIInterfaceOrientationLandscapeLeft UIInterfaceOrientationLandscapeRight";
				INFOPLIST_KEY_UISupportedInterfaceOrientations_iPhone = "UIInterfaceOrientationPortrait UIInterfaceOrientationLandscapeLeft UIInterfaceOrientationLandscapeRight";
				LD_RUNPATH_SEARCH_PATHS = (
					"$(inherited)",
					"@executable_path/Frameworks",
				);
				MARKETING_VERSION = 1.0;
				PRODUCT_BUNDLE_IDENTIFIER = Tabita.saveMYDefaultTabitaS;
				PRODUCT_NAME = "$(TARGET_NAME)";
				SWIFT_EMIT_LOC_STRINGS = YES;
				SWIFT_VERSION = 5.0;
				TARGETED_DEVICE_FAMILY = "1,2";
			};
			name = Debug;
		};
		22662A462B98F6A800869B65 /* Release */ = {
			isa = XCBuildConfiguration;
			buildSettings = {
				ASSETCATALOG_COMPILER_APPICON_NAME = AppIcon;
				ASSETCATALOG_COMPILER_GLOBAL_ACCENT_COLOR_NAME = AccentColor;
				CODE_SIGN_STYLE = Automatic;
				CURRENT_PROJECT_VERSION = 1;
				DEVELOPMENT_TEAM = T44788J83Y;
				GENERATE_INFOPLIST_FILE = YES;
				INFOPLIST_FILE = saveMYDefaultTabitaS/Info.plist;
				INFOPLIST_KEY_UIApplicationSupportsIndirectInputEvents = YES;
				INFOPLIST_KEY_UILaunchStoryboardName = LaunchScreen;
				INFOPLIST_KEY_UIMainStoryboardFile = Main;
				INFOPLIST_KEY_UISupportedInterfaceOrientations_iPad = "UIInterfaceOrientationPortrait UIInterfaceOrientationPortraitUpsideDown UIInterfaceOrientationLandscapeLeft UIInterfaceOrientationLandscapeRight";
				INFOPLIST_KEY_UISupportedInterfaceOrientations_iPhone = "UIInterfaceOrientationPortrait UIInterfaceOrientationLandscapeLeft UIInterfaceOrientationLandscapeRight";
				LD_RUNPATH_SEARCH_PATHS = (
					"$(inherited)",
					"@executable_path/Frameworks",
				);
				MARKETING_VERSION = 1.0;
				PRODUCT_BUNDLE_IDENTIFIER = Tabita.saveMYDefaultTabitaS;
				PRODUCT_NAME = "$(TARGET_NAME)";
				SWIFT_EMIT_LOC_STRINGS = YES;
				SWIFT_VERSION = 5.0;
				TARGETED_DEVICE_FAMILY = "1,2";
			};
			name = Release;
		};
		22662A482B98F6A800869B65 /* Debug */ = {
			isa = XCBuildConfiguration;
			buildSettings = {
				ALWAYS_EMBED_SWIFT_STANDARD_LIBRARIES = YES;
				BUNDLE_LOADER = "$(TEST_HOST)";
				CODE_SIGN_STYLE = Automatic;
				CURRENT_PROJECT_VERSION = 1;
				DEVELOPMENT_TEAM = T44788J83Y;
				GENERATE_INFOPLIST_FILE = YES;
				IPHONEOS_DEPLOYMENT_TARGET = 17.2;
				MARKETING_VERSION = 1.0;
				PRODUCT_BUNDLE_IDENTIFIER = Tabita.saveMYDefaultTabitaSTests;
				PRODUCT_NAME = "$(TARGET_NAME)";
				SWIFT_EMIT_LOC_STRINGS = NO;
				SWIFT_VERSION = 5.0;
				TARGETED_DEVICE_FAMILY = "1,2";
				TEST_HOST = "$(BUILT_PRODUCTS_DIR)/saveMYDefaultTabitaS.app/$(BUNDLE_EXECUTABLE_FOLDER_PATH)/saveMYDefaultTabitaS";
			};
			name = Debug;
		};
		22662A492B98F6A800869B65 /* Release */ = {
			isa = XCBuildConfiguration;
			buildSettings = {
				ALWAYS_EMBED_SWIFT_STANDARD_LIBRARIES = YES;
				BUNDLE_LOADER = "$(TEST_HOST)";
				CODE_SIGN_STYLE = Automatic;
				CURRENT_PROJECT_VERSION = 1;
				DEVELOPMENT_TEAM = T44788J83Y;
				GENERATE_INFOPLIST_FILE = YES;
				IPHONEOS_DEPLOYMENT_TARGET = 17.2;
				MARKETING_VERSION = 1.0;
				PRODUCT_BUNDLE_IDENTIFIER = Tabita.saveMYDefaultTabitaSTests;
				PRODUCT_NAME = "$(TARGET_NAME)";
				SWIFT_EMIT_LOC_STRINGS = NO;
				SWIFT_VERSION = 5.0;
				TARGETED_DEVICE_FAMILY = "1,2";
				TEST_HOST = "$(BUILT_PRODUCTS_DIR)/saveMYDefaultTabitaS.app/$(BUNDLE_EXECUTABLE_FOLDER_PATH)/saveMYDefaultTabitaS";
			};
			name = Release;
		};
		22662A4B2B98F6A800869B65 /* Debug */ = {
			isa = XCBuildConfiguration;
			buildSettings = {
				ALWAYS_EMBED_SWIFT_STANDARD_LIBRARIES = YES;
				CODE_SIGN_STYLE = Automatic;
				CURRENT_PROJECT_VERSION = 1;
				DEVELOPMENT_TEAM = T44788J83Y;
				GENERATE_INFOPLIST_FILE = YES;
				MARKETING_VERSION = 1.0;
				PRODUCT_BUNDLE_IDENTIFIER = Tabita.saveMYDefaultTabitaSUITests;
				PRODUCT_NAME = "$(TARGET_NAME)";
				SWIFT_EMIT_LOC_STRINGS = NO;
				SWIFT_VERSION = 5.0;
				TARGETED_DEVICE_FAMILY = "1,2";
				TEST_TARGET_NAME = saveMYDefaultTabitaS;
			};
			name = Debug;
		};
		22662A4C2B98F6A800869B65 /* Release */ = {
			isa = XCBuildConfiguration;
			buildSettings = {
				ALWAYS_EMBED_SWIFT_STANDARD_LIBRARIES = YES;
				CODE_SIGN_STYLE = Automatic;
				CURRENT_PROJECT_VERSION = 1;
				DEVELOPMENT_TEAM = T44788J83Y;
				GENERATE_INFOPLIST_FILE = YES;
				MARKETING_VERSION = 1.0;
				PRODUCT_BUNDLE_IDENTIFIER = Tabita.saveMYDefaultTabitaSUITests;
				PRODUCT_NAME = "$(TARGET_NAME)";
				SWIFT_EMIT_LOC_STRINGS = NO;
				SWIFT_VERSION = 5.0;
				TARGETED_DEVICE_FAMILY = "1,2";
				TEST_TARGET_NAME = saveMYDefaultTabitaS;
			};
			name = Release;
		};
/* End XCBuildConfiguration section */

/* Begin XCConfigurationList section */
		22662A152B98F6A600869B65 /* Build configuration list for PBXProject "saveMYDefaultTabitaS" */ = {
			isa = XCConfigurationList;
			buildConfigurations = (
				22662A422B98F6A800869B65 /* Debug */,
				22662A432B98F6A800869B65 /* Release */,
			);
			defaultConfigurationIsVisible = 0;
			defaultConfigurationName = Release;
		};
		22662A442B98F6A800869B65 /* Build configuration list for PBXNativeTarget "saveMYDefaultTabitaS" */ = {
			isa = XCConfigurationList;
			buildConfigurations = (
				22662A452B98F6A800869B65 /* Debug */,
				22662A462B98F6A800869B65 /* Release */,
			);
			defaultConfigurationIsVisible = 0;
			defaultConfigurationName = Release;
		};
		22662A472B98F6A800869B65 /* Build configuration list for PBXNativeTarget "saveMYDefaultTabitaSTests" */ = {
			isa = XCConfigurationList;
			buildConfigurations = (
				22662A482B98F6A800869B65 /* Debug */,
				22662A492B98F6A800869B65 /* Release */,
			);
			defaultConfigurationIsVisible = 0;
			defaultConfigurationName = Release;
		};
		22662A4A2B98F6A800869B65 /* Build configuration list for PBXNativeTarget "saveMYDefaultTabitaSUITests" */ = {
			isa = XCConfigurationList;
			buildConfigurations = (
				22662A4B2B98F6A800869B65 /* Debug */,
				22662A4C2B98F6A800869B65 /* Release */,
			);
			defaultConfigurationIsVisible = 0;
			defaultConfigurationName = Release;
		};
/* End XCConfigurationList section */
	};
	rootObject = 22662A122B98F6A600869B65 /* Project object */;
}
